
Microsoft Visual Studio Solution File, Format Version 12.00
# Visual Studio Version 17
VisualStudioVersion = 17.8.34408.163
MinimumVisualStudioVersion = 10.0.40219.1
Project("{2150E333-8FDC-42A3-9474-1A3956D46DE8}") = "host", "host", "{1D20A329-D91C-45F0-8D69-F98AE7645ACA}"
EndProject
Project("{2150E333-8FDC-42A3-9474-1A3956D46DE8}") = "core", "core", "{371307EC-B1A2-4D0A-9166-C1106EBE73E4}"
EndProject
Project("{2150E333-8FDC-42A3-9474-1A3956D46DE8}") = "infrastructure", "infrastructure", "{E23C596B-F802-483B-9151-CFB975FE1FEE}"
EndProject
Project("{FAE04EC0-301F-11D3-BF4B-00C04F79EFBC}") = "RefahBank.Beta.Branch.Panel.EndPoint", "src\RefahBank.Beta.Branch.Panel.EndPoint\RefahBank.Beta.Branch.Panel.EndPoint.csproj", "{0DFDE7FF-B773-4D34-AB3E-B0D54DA1C50B}"
EndProject
Global
	GlobalSection(SolutionConfigurationPlatforms) = preSolution
		Debug|Any CPU = Debug|Any CPU
		Release|Any CPU = Release|Any CPU
	EndGlobalSection
	GlobalSection(ProjectConfigurationPlatforms) = postSolution
		{0DFDE7FF-B773-4D34-AB3E-B0D54DA1C50B}.Debug|Any CPU.ActiveCfg = Debug|Any CPU
		{0DFDE7FF-B773-4D34-AB3E-B0D54DA1C50B}.Debug|Any CPU.Build.0 = Debug|Any CPU
		{0DFDE7FF-B773-4D34-AB3E-B0D54DA1C50B}.Release|Any CPU.ActiveCfg = Release|Any CPU
		{0DFDE7FF-B773-4D34-AB3E-B0D54DA1C50B}.Release|Any CPU.Build.0 = Release|Any CPU
	EndGlobalSection
	GlobalSection(SolutionProperties) = preSolution
		HideSolutionNode = FALSE
	EndGlobalSection
	GlobalSection(NestedProjects) = preSolution
		{0DFDE7FF-B773-4D34-AB3E-B0D54DA1C50B} = {1D20A329-D91C-45F0-8D69-F98AE7645ACA}
	EndGlobalSection
	GlobalSection(ExtensibilityGlobals) = postSolution
		SolutionGuid = {9CE576A4-A7AA-4AAD-8BE6-1F7A00188F05}
	EndGlobalSection
EndGlobal
